
Microsoft Visual Studio Solution File, Format Version 12.00
# Visual Studio Version 17
VisualStudioVersion = 17.4.33213.308
MinimumVisualStudioVersion = 10.0.40219.1
Project("{FAE04EC0-301F-11D3-BF4B-00C04F79EFBC}") = "ConsoleApp4.1.17", "ConsoleApp4.1.17\ConsoleApp4.1.17.csproj", "{D0BD9B80-2948-4D5B-9A6F-890C228DF710}"
EndProject
Global
	GlobalSection(SolutionConfigurationPlatforms) = preSolution
		Debug|Any CPU = Debug|Any CPU
		Release|Any CPU = Release|Any CPU
	EndGlobalSection
	GlobalSection(ProjectConfigurationPlatforms) = postSolution
		{D0BD9B80-2948-4D5B-9A6F-890C228DF710}.Debug|Any CPU.ActiveCfg = Debug|Any CPU
		{D0BD9B80-2948-4D5B-9A6F-890C228DF710}.Debug|Any CPU.Build.0 = Debug|Any CPU
		{D0BD9B80-2948-4D5B-9A6F-890C228DF710}.Release|Any CPU.ActiveCfg = Release|Any CPU
		{D0BD9B80-2948-4D5B-9A6F-890C228DF710}.Release|Any CPU.Build.0 = Release|Any CPU
	EndGlobalSection
	GlobalSection(SolutionProperties) = preSolution
		HideSolutionNode = FALSE
	EndGlobalSection
	GlobalSection(ExtensibilityGlobals) = postSolution
		SolutionGuid = {C16E5B6D-16DF-4D06-AC0F-2ACFF3C2CE64}
	EndGlobalSection
EndGlobal
